
Microsoft Visual Studio Solution File, Format Version 12.00
# Visual Studio Version 16
VisualStudioVersion = 16.0.30028.174
MinimumVisualStudioVersion = 10.0.40219.1
Project("{FAE04EC0-301F-11D3-BF4B-00C04F79EFBC}") = "DemoIdentityDefault.UI", "DemoIdentityDefault.UI\DemoIdentityDefault.UI.csproj", "{5E7B014C-67FA-442D-A41C-976F186ACBFD}"
EndProject
Project("{FAE04EC0-301F-11D3-BF4B-00C04F79EFBC}") = "DemoIdentityDefault.Core", "DemoIdentityDefault.Core\DemoIdentityDefault.Core.csproj", "{68F35DE1-44CB-43EB-AA69-8924CAB197C0}"
EndProject
Global
	GlobalSection(SolutionConfigurationPlatforms) = preSolution
		Debug|Any CPU = Debug|Any CPU
		Release|Any CPU = Release|Any CPU
	EndGlobalSection
	GlobalSection(ProjectConfigurationPlatforms) = postSolution
		{5E7B014C-67FA-442D-A41C-976F186ACBFD}.Debug|Any CPU.ActiveCfg = Debug|Any CPU
		{5E7B014C-67FA-442D-A41C-976F186ACBFD}.Debug|Any CPU.Build.0 = Debug|Any CPU
		{5E7B014C-67FA-442D-A41C-976F186ACBFD}.Release|Any CPU.ActiveCfg = Release|Any CPU
		{5E7B014C-67FA-442D-A41C-976F186ACBFD}.Release|Any CPU.Build.0 = Release|Any CPU
		{68F35DE1-44CB-43EB-AA69-8924CAB197C0}.Debug|Any CPU.ActiveCfg = Debug|Any CPU
		{68F35DE1-44CB-43EB-AA69-8924CAB197C0}.Debug|Any CPU.Build.0 = Debug|Any CPU
		{68F35DE1-44CB-43EB-AA69-8924CAB197C0}.Release|Any CPU.ActiveCfg = Release|Any CPU
		{68F35DE1-44CB-43EB-AA69-8924CAB197C0}.Release|Any CPU.Build.0 = Release|Any CPU
	EndGlobalSection
	GlobalSection(SolutionProperties) = preSolution
		HideSolutionNode = FALSE
	EndGlobalSection
	GlobalSection(ExtensibilityGlobals) = postSolution
		SolutionGuid = {F03FDFB1-A57D-45FC-B420-E3622323E497}
	EndGlobalSection
EndGlobal
